// !$*UTF8*$!
{
	archiveVersion = 1;
	classes = {
	};
	objectVersion = 50;
	objects = {

/* Begin PBXBuildFile section */
		9F87EAE424E4817900938F4A /* AppDelegate.m in Sources */ = {isa = PBXBuildFile; fileRef = 9F87EAE324E4817900938F4A /* AppDelegate.m */; };
		9F87EAE724E4817900938F4A /* SceneDelegate.m in Sources */ = {isa = PBXBuildFile; fileRef = 9F87EAE624E4817900938F4A /* SceneDelegate.m */; };
		9F87EAED24E4817900938F4A /* Main.storyboard in Resources */ = {isa = PBXBuildFile; fileRef = 9F87EAEB24E4817900938F4A /* Main.storyboard */; };
		9F87EAEF24E4817900938F4A /* Assets.xcassets in Resources */ = {isa = PBXBuildFile; fileRef = 9F87EAEE24E4817900938F4A /* Assets.xcassets */; };
		9F87EAF224E4817900938F4A /* LaunchScreen.storyboard in Resources */ = {isa = PBXBuildFile; fileRef = 9F87EAF024E4817900938F4A /* LaunchScreen.storyboard */; };
		9F87EAF524E4817900938F4A /* main.m in Sources */ = {isa = PBXBuildFile; fileRef = 9F87EAF424E4817900938F4A /* main.m */; };
		9F87EB0424E4871100938F4A /* TRCCityAirQuality.m in Sources */ = {isa = PBXBuildFile; fileRef = 9F87EB0324E4871100938F4A /* TRCCityAirQuality.m */; };
		9F87EB0724E4893100938F4A /* TRCPollution.m in Sources */ = {isa = PBXBuildFile; fileRef = 9F87EB0624E4893100938F4A /* TRCPollution.m */; };
		9F87EB0A24E4893D00938F4A /* TRCWeather.m in Sources */ = {isa = PBXBuildFile; fileRef = 9F87EB0924E4893D00938F4A /* TRCWeather.m */; };
		9F87EB0D24E4947D00938F4A /* TRCCityAirQualityController.m in Sources */ = {isa = PBXBuildFile; fileRef = 9F87EB0C24E4947D00938F4A /* TRCCityAirQualityController.m */; };
		9F87EB1624E4AB8600938F4A /* TRCCityDetailsViewController.swift in Sources */ = {isa = PBXBuildFile; fileRef = 9F87EB1524E4AB8600938F4A /* TRCCityDetailsViewController.swift */; };
		9F87EB1A24E4AD0D00938F4A /* TRCCountriesListViewController.swift in Sources */ = {isa = PBXBuildFile; fileRef = 9F87EB1924E4AD0D00938F4A /* TRCCountriesListViewController.swift */; };
		9F87EB1C24E4AE5400938F4A /* TRCStatesListViewController.swift in Sources */ = {isa = PBXBuildFile; fileRef = 9F87EB1B24E4AE5400938F4A /* TRCStatesListViewController.swift */; };
		9F87EB1E24E4AE6100938F4A /* TRCCitiesListViewController.swift in Sources */ = {isa = PBXBuildFile; fileRef = 9F87EB1D24E4AE6100938F4A /* TRCCitiesListViewController.swift */; };
/* End PBXBuildFile section */

/* Begin PBXFileReference section */
		9F87EADF24E4817900938F4A /* airQualityOBJC35.app */ = {isa = PBXFileReference; explicitFileType = wrapper.application; includeInIndex = 0; path = airQualityOBJC35.app; sourceTree = BUILT_PRODUCTS_DIR; };
		9F87EAE224E4817900938F4A /* AppDelegate.h */ = {isa = PBXFileReference; lastKnownFileType = sourcecode.c.h; path = AppDelegate.h; sourceTree = "<group>"; };
		9F87EAE324E4817900938F4A /* AppDelegate.m */ = {isa = PBXFileReference; lastKnownFileType = sourcecode.c.objc; path = AppDelegate.m; sourceTree = "<group>"; };
		9F87EAE524E4817900938F4A /* SceneDelegate.h */ = {isa = PBXFileReference; lastKnownFileType = sourcecode.c.h; path = SceneDelegate.h; sourceTree = "<group>"; };
		9F87EAE624E4817900938F4A /* SceneDelegate.m */ = {isa = PBXFileReference; lastKnownFileType = sourcecode.c.objc; path = SceneDelegate.m; sourceTree = "<group>"; };
		9F87EAEC24E4817900938F4A /* Base */ = {isa = PBXFileReference; lastKnownFileType = file.storyboard; name = Base; path = Base.lproj/Main.storyboard; sourceTree = "<group>"; };
		9F87EAEE24E4817900938F4A /* Assets.xcassets */ = {isa = PBXFileReference; lastKnownFileType = folder.assetcatalog; path = Assets.xcassets; sourceTree = "<group>"; };
		9F87EAF124E4817900938F4A /* Base */ = {isa = PBXFileReference; lastKnownFileType = file.storyboard; name = Base; path = Base.lproj/LaunchScreen.storyboard; sourceTree = "<group>"; };
		9F87EAF324E4817900938F4A /* Info.plist */ = {isa = PBXFileReference; lastKnownFileType = text.plist.xml; path = Info.plist; sourceTree = "<group>"; };
		9F87EAF424E4817900938F4A /* main.m */ = {isa = PBXFileReference; lastKnownFileType = sourcecode.c.objc; path = main.m; sourceTree = "<group>"; };
		9F87EB0224E4871100938F4A /* TRCCityAirQuality.h */ = {isa = PBXFileReference; lastKnownFileType = sourcecode.c.h; path = TRCCityAirQuality.h; sourceTree = "<group>"; };
		9F87EB0324E4871100938F4A /* TRCCityAirQuality.m */ = {isa = PBXFileReference; lastKnownFileType = sourcecode.c.objc; path = TRCCityAirQuality.m; sourceTree = "<group>"; };
		9F87EB0524E4893100938F4A /* TRCPollution.h */ = {isa = PBXFileReference; lastKnownFileType = sourcecode.c.h; path = TRCPollution.h; sourceTree = "<group>"; };
		9F87EB0624E4893100938F4A /* TRCPollution.m */ = {isa = PBXFileReference; lastKnownFileType = sourcecode.c.objc; path = TRCPollution.m; sourceTree = "<group>"; };
		9F87EB0824E4893D00938F4A /* TRCWeather.h */ = {isa = PBXFileReference; lastKnownFileType = sourcecode.c.h; path = TRCWeather.h; sourceTree = "<group>"; };
		9F87EB0924E4893D00938F4A /* TRCWeather.m */ = {isa = PBXFileReference; lastKnownFileType = sourcecode.c.objc; path = TRCWeather.m; sourceTree = "<group>"; };
		9F87EB0B24E4947D00938F4A /* TRCCityAirQualityController.h */ = {isa = PBXFileReference; lastKnownFileType = sourcecode.c.h; path = TRCCityAirQualityController.h; sourceTree = "<group>"; };
		9F87EB0C24E4947D00938F4A /* TRCCityAirQualityController.m */ = {isa = PBXFileReference; lastKnownFileType = sourcecode.c.objc; path = TRCCityAirQualityController.m; sourceTree = "<group>"; };
		9F87EB0E24E4AB2700938F4A /* airQualityOBJC35-Bridging-Header.h */ = {isa = PBXFileReference; lastKnownFileType = sourcecode.c.h; path = "airQualityOBJC35-Bridging-Header.h"; sourceTree = "<group>"; };
		9F87EB1524E4AB8600938F4A /* TRCCityDetailsViewController.swift */ = {isa = PBXFileReference; lastKnownFileType = sourcecode.swift; path = TRCCityDetailsViewController.swift; sourceTree = "<group>"; };
		9F87EB1924E4AD0D00938F4A /* TRCCountriesListViewController.swift */ = {isa = PBXFileReference; lastKnownFileType = sourcecode.swift; path = TRCCountriesListViewController.swift; sourceTree = "<group>"; };
		9F87EB1B24E4AE5400938F4A /* TRCStatesListViewController.swift */ = {isa = PBXFileReference; lastKnownFileType = sourcecode.swift; path = TRCStatesListViewController.swift; sourceTree = "<group>"; };
		9F87EB1D24E4AE6100938F4A /* TRCCitiesListViewController.swift */ = {isa = PBXFileReference; lastKnownFileType = sourcecode.swift; path = TRCCitiesListViewController.swift; sourceTree = "<group>"; };
/* End PBXFileReference section */

/* Begin PBXFrameworksBuildPhase section */
		9F87EADC24E4817900938F4A /* Frameworks */ = {
			isa = PBXFrameworksBuildPhase;
			buildActionMask = 2147483647;
			files = (
			);
			runOnlyForDeploymentPostprocessing = 0;
		};
/* End PBXFrameworksBuildPhase section */

/* Begin PBXGroup section */
		9F87EAD624E4817900938F4A = {
			isa = PBXGroup;
			children = (
				9F87EAE124E4817900938F4A /* airQualityOBJC35 */,
				9F87EAE024E4817900938F4A /* Products */,
			);
			sourceTree = "<group>";
		};
		9F87EAE024E4817900938F4A /* Products */ = {
			isa = PBXGroup;
			children = (
				9F87EADF24E4817900938F4A /* airQualityOBJC35.app */,
			);
			name = Products;
			sourceTree = "<group>";
		};
		9F87EAE124E4817900938F4A /* airQualityOBJC35 */ = {
			isa = PBXGroup;
			children = (
				9F87EAFE24E4825A00938F4A /* Models */,
				9F87EAFD24E4825500938F4A /* Controllers */,
				9F87EAFC24E4825200938F4A /* Views */,
				9F87EAFB24E4821100938F4A /* Resources */,
			);
			path = airQualityOBJC35;
			sourceTree = "<group>";
		};
		9F87EAFB24E4821100938F4A /* Resources */ = {
			isa = PBXGroup;
			children = (
				9F87EAE224E4817900938F4A /* AppDelegate.h */,
				9F87EAE324E4817900938F4A /* AppDelegate.m */,
				9F87EAE524E4817900938F4A /* SceneDelegate.h */,
				9F87EAE624E4817900938F4A /* SceneDelegate.m */,
				9F87EAEE24E4817900938F4A /* Assets.xcassets */,
				9F87EAF024E4817900938F4A /* LaunchScreen.storyboard */,
				9F87EAF324E4817900938F4A /* Info.plist */,
				9F87EAF424E4817900938F4A /* main.m */,
			);
			path = Resources;
			sourceTree = "<group>";
		};
		9F87EAFC24E4825200938F4A /* Views */ = {
			isa = PBXGroup;
			children = (
				9F87EB0124E482B900938F4A /* Storyboard */,
			);
			path = Views;
			sourceTree = "<group>";
		};
		9F87EAFD24E4825500938F4A /* Controllers */ = {
			isa = PBXGroup;
			children = (
				9F87EB0024E482A900938F4A /* ModelControllers */,
				9F87EAFF24E482A700938F4A /* ViewControllers */,
			);
			path = Controllers;
			sourceTree = "<group>";
		};
		9F87EAFE24E4825A00938F4A /* Models */ = {
			isa = PBXGroup;
			children = (
				9F87EB0224E4871100938F4A /* TRCCityAirQuality.h */,
				9F87EB0324E4871100938F4A /* TRCCityAirQuality.m */,
				9F87EB0524E4893100938F4A /* TRCPollution.h */,
				9F87EB0624E4893100938F4A /* TRCPollution.m */,
				9F87EB0824E4893D00938F4A /* TRCWeather.h */,
				9F87EB0924E4893D00938F4A /* TRCWeather.m */,
			);
			path = Models;
			sourceTree = "<group>";
		};
		9F87EAFF24E482A700938F4A /* ViewControllers */ = {
			isa = PBXGroup;
			children = (
				9F87EB1924E4AD0D00938F4A /* TRCCountriesListViewController.swift */,
				9F87EB1B24E4AE5400938F4A /* TRCStatesListViewController.swift */,
				9F87EB1D24E4AE6100938F4A /* TRCCitiesListViewController.swift */,
				9F87EB1524E4AB8600938F4A /* TRCCityDetailsViewController.swift */,
				9F87EB0E24E4AB2700938F4A /* airQualityOBJC35-Bridging-Header.h */,
			);
			path = ViewControllers;
			sourceTree = "<group>";
		};
		9F87EB0024E482A900938F4A /* ModelControllers */ = {
			isa = PBXGroup;
			children = (
				9F87EB0B24E4947D00938F4A /* TRCCityAirQualityController.h */,
				9F87EB0C24E4947D00938F4A /* TRCCityAirQualityController.m */,
			);
			path = ModelControllers;
			sourceTree = "<group>";
		};
		9F87EB0124E482B900938F4A /* Storyboard */ = {
			isa = PBXGroup;
			children = (
				9F87EAEB24E4817900938F4A /* Main.storyboard */,
			);
			path = Storyboard;
			sourceTree = "<group>";
		};
/* End PBXGroup section */

/* Begin PBXNativeTarget section */
		9F87EADE24E4817900938F4A /* airQualityOBJC35 */ = {
			isa = PBXNativeTarget;
			buildConfigurationList = 9F87EAF824E4817900938F4A /* Build configuration list for PBXNativeTarget "airQualityOBJC35" */;
			buildPhases = (
				9F87EADB24E4817900938F4A /* Sources */,
				9F87EADC24E4817900938F4A /* Frameworks */,
				9F87EADD24E4817900938F4A /* Resources */,
			);
			buildRules = (
			);
			dependencies = (
			);
			name = airQualityOBJC35;
			productName = airQualityOBJC35;
			productReference = 9F87EADF24E4817900938F4A /* airQualityOBJC35.app */;
			productType = "com.apple.product-type.application";
		};
/* End PBXNativeTarget section */

/* Begin PBXProject section */
		9F87EAD724E4817900938F4A /* Project object */ = {
			isa = PBXProject;
			attributes = {
				CLASSPREFIX = TRC;
				LastUpgradeCheck = 1160;
				ORGANIZATIONNAME = "Todd Crandall";
				TargetAttributes = {
					9F87EADE24E4817900938F4A = {
						CreatedOnToolsVersion = 11.6;
						LastSwiftMigration = 1160;
					};
				};
			};
			buildConfigurationList = 9F87EADA24E4817900938F4A /* Build configuration list for PBXProject "airQualityOBJC35" */;
			compatibilityVersion = "Xcode 9.3";
			developmentRegion = en;
			hasScannedForEncodings = 0;
			knownRegions = (
				en,
				Base,
			);
			mainGroup = 9F87EAD624E4817900938F4A;
			productRefGroup = 9F87EAE024E4817900938F4A /* Products */;
			projectDirPath = "";
			projectRoot = "";
			targets = (
				9F87EADE24E4817900938F4A /* airQualityOBJC35 */,
			);
		};
/* End PBXProject section */

/* Begin PBXResourcesBuildPhase section */
		9F87EADD24E4817900938F4A /* Resources */ = {
			isa = PBXResourcesBuildPhase;
			buildActionMask = 2147483647;
			files = (
				9F87EAF224E4817900938F4A /* LaunchScreen.storyboard in Resources */,
				9F87EAEF24E4817900938F4A /* Assets.xcassets in Resources */,
				9F87EAED24E4817900938F4A /* Main.storyboard in Resources */,
			);
			runOnlyForDeploymentPostprocessing = 0;
		};
/* End PBXResourcesBuildPhase section */

/* Begin PBXSourcesBuildPhase section */
		9F87EADB24E4817900938F4A /* Sources */ = {
			isa = PBXSourcesBuildPhase;
			buildActionMask = 2147483647;
			files = (
				9F87EB0A24E4893D00938F4A /* TRCWeather.m in Sources */,
				9F87EB1E24E4AE6100938F4A /* TRCCitiesListViewController.swift in Sources */,
				9F87EB1A24E4AD0D00938F4A /* TRCCountriesListViewController.swift in Sources */,
				9F87EB0724E4893100938F4A /* TRCPollution.m in Sources */,
				9F87EAE424E4817900938F4A /* AppDelegate.m in Sources */,
				9F87EB0424E4871100938F4A /* TRCCityAirQuality.m in Sources */,
				9F87EAF524E4817900938F4A /* main.m in Sources */,
				9F87EB1624E4AB8600938F4A /* TRCCityDetailsViewController.swift in Sources */,
				9F87EAE724E4817900938F4A /* SceneDelegate.m in Sources */,
				9F87EB1C24E4AE5400938F4A /* TRCStatesListViewController.swift in Sources */,
				9F87EB0D24E4947D00938F4A /* TRCCityAirQualityController.m in Sources */,
			);
			runOnlyForDeploymentPostprocessing = 0;
		};
/* End PBXSourcesBuildPhase section */

/* Begin PBXVariantGroup section */
		9F87EAEB24E4817900938F4A /* Main.storyboard */ = {
			isa = PBXVariantGroup;
			children = (
				9F87EAEC24E4817900938F4A /* Base */,
			);
			name = Main.storyboard;
			sourceTree = "<group>";
		};
		9F87EAF024E4817900938F4A /* LaunchScreen.storyboard */ = {
			isa = PBXVariantGroup;
			children = (
				9F87EAF124E4817900938F4A /* Base */,
			);
			name = LaunchScreen.storyboard;
			sourceTree = "<group>";
		};
/* End PBXVariantGroup section */

/* Begin XCBuildConfiguration section */
		9F87EAF624E4817900938F4A /* Debug */ = {
			isa = XCBuildConfiguration;
			buildSettings = {
				ALWAYS_SEARCH_USER_PATHS = NO;
				CLANG_ANALYZER_NONNULL = YES;
				CLANG_ANALYZER_NUMBER_OBJECT_CONVERSION = YES_AGGRESSIVE;
				CLANG_CXX_LANGUAGE_STANDARD = "gnu++14";
				CLANG_CXX_LIBRARY = "libc++";
				CLANG_ENABLE_MODULES = YES;
				CLANG_ENABLE_OBJC_ARC = YES;
				CLANG_ENABLE_OBJC_WEAK = YES;
				CLANG_WARN_BLOCK_CAPTURE_AUTORELEASING = YES;
				CLANG_WARN_BOOL_CONVERSION = YES;
				CLANG_WARN_COMMA = YES;
				CLANG_WARN_CONSTANT_CONVERSION = YES;
				CLANG_WARN_DEPRECATED_OBJC_IMPLEMENTATIONS = YES;
				CLANG_WARN_DIRECT_OBJC_ISA_USAGE = YES_ERROR;
				CLANG_WARN_DOCUMENTATION_COMMENTS = YES;
				CLANG_WARN_EMPTY_BODY = YES;
				CLANG_WARN_ENUM_CONVERSION = YES;
				CLANG_WARN_INFINITE_RECURSION = YES;
				CLANG_WARN_INT_CONVERSION = YES;
				CLANG_WARN_NON_LITERAL_NULL_CONVERSION = YES;
				CLANG_WARN_OBJC_IMPLICIT_RETAIN_SELF = YES;
				CLANG_WARN_OBJC_LITERAL_CONVERSION = YES;
				CLANG_WARN_OBJC_ROOT_CLASS = YES_ERROR;
				CLANG_WARN_RANGE_LOOP_ANALYSIS = YES;
				CLANG_WARN_STRICT_PROTOTYPES = YES;
				CLANG_WARN_SUSPICIOUS_MOVE = YES;
				CLANG_WARN_UNGUARDED_AVAILABILITY = YES_AGGRESSIVE;
				CLANG_WARN_UNREACHABLE_CODE = YES;
				CLANG_WARN__DUPLICATE_METHOD_MATCH = YES;
				COPY_PHASE_STRIP = NO;
				DEBUG_INFORMATION_FORMAT = dwarf;
				ENABLE_STRICT_OBJC_MSGSEND = YES;
				ENABLE_TESTABILITY = YES;
				GCC_C_LANGUAGE_STANDARD = gnu11;
				GCC_DYNAMIC_NO_PIC = NO;
				GCC_NO_COMMON_BLOCKS = YES;
				GCC_OPTIMIZATION_LEVEL = 0;
				GCC_PREPROCESSOR_DEFINITIONS = (
					"DEBUG=1",
					"$(inherited)",
				);
				GCC_WARN_64_TO_32_BIT_CONVERSION = YES;
				GCC_WARN_ABOUT_RETURN_TYPE = YES_ERROR;
				GCC_WARN_UNDECLARED_SELECTOR = YES;
				GCC_WARN_UNINITIALIZED_AUTOS = YES_AGGRESSIVE;
				GCC_WARN_UNUSED_FUNCTION = YES;
				GCC_WARN_UNUSED_VARIABLE = YES;
				IPHONEOS_DEPLOYMENT_TARGET = 13.6;
				MTL_ENABLE_DEBUG_INFO = INCLUDE_SOURCE;
				MTL_FAST_MATH = YES;
				ONLY_ACTIVE_ARCH = YES;
				SDKROOT = iphoneos;
			};
			name = Debug;
		};
		9F87EAF724E4817900938F4A /* Release */ = {
			isa = XCBuildConfiguration;
			buildSettings = {
				ALWAYS_SEARCH_USER_PATHS = NO;
				CLANG_ANALYZER_NONNULL = YES;
				CLANG_ANALYZER_NUMBER_OBJECT_CONVERSION = YES_AGGRESSIVE;
				CLANG_CXX_LANGUAGE_STANDARD = "gnu++14";
				CLANG_CXX_LIBRARY = "libc++";
				CLANG_ENABLE_MODULES = YES;
				CLANG_ENABLE_OBJC_ARC = YES;
				CLANG_ENABLE_OBJC_WEAK = YES;
				CLANG_WARN_BLOCK_CAPTURE_AUTORELEASING = YES;
				CLANG_WARN_BOOL_CONVERSION = YES;
				CLANG_WARN_COMMA = YES;
				CLANG_WARN_CONSTANT_CONVERSION = YES;
				CLANG_WARN_DEPRECATED_OBJC_IMPLEMENTATIONS = YES;
				CLANG_WARN_DIRECT_OBJC_ISA_USAGE = YES_ERROR;
				CLANG_WARN_DOCUMENTATION_COMMENTS = YES;
				CLANG_WARN_EMPTY_BODY = YES;
				CLANG_WARN_ENUM_CONVERSION = YES;
				CLANG_WARN_INFINITE_RECURSION = YES;
				CLANG_WARN_INT_CONVERSION = YES;
				CLANG_WARN_NON_LITERAL_NULL_CONVERSION = YES;
				CLANG_WARN_OBJC_IMPLICIT_RETAIN_SELF = YES;
				CLANG_WARN_OBJC_LITERAL_CONVERSION = YES;
				CLANG_WARN_OBJC_ROOT_CLASS = YES_ERROR;
				CLANG_WARN_RANGE_LOOP_ANALYSIS = YES;
				CLANG_WARN_STRICT_PROTOTYPES = YES;
				CLANG_WARN_SUSPICIOUS_MOVE = YES;
				CLANG_WARN_UNGUARDED_AVAILABILITY = YES_AGGRESSIVE;
				CLANG_WARN_UNREACHABLE_CODE = YES;
				CLANG_WARN__DUPLICATE_METHOD_MATCH = YES;
				COPY_PHASE_STRIP = NO;
				DEBUG_INFORMATION_FORMAT = "dwarf-with-dsym";
				ENABLE_NS_ASSERTIONS = NO;
				ENABLE_STRICT_OBJC_MSGSEND = YES;
				GCC_C_LANGUAGE_STANDARD = gnu11;
				GCC_NO_COMMON_BLOCKS = YES;
				GCC_WARN_64_TO_32_BIT_CONVERSION = YES;
				GCC_WARN_ABOUT_RETURN_TYPE = YES_ERROR;
				GCC_WARN_UNDECLARED_SELECTOR = YES;
				GCC_WARN_UNINITIALIZED_AUTOS = YES_AGGRESSIVE;
				GCC_WARN_UNUSED_FUNCTION = YES;
				GCC_WARN_UNUSED_VARIABLE = YES;
				IPHONEOS_DEPLOYMENT_TARGET = 13.6;
				MTL_ENABLE_DEBUG_INFO = NO;
				MTL_FAST_MATH = YES;
				SDKROOT = iphoneos;
				VALIDATE_PRODUCT = YES;
			};
			name = Release;
		};
		9F87EAF924E4817900938F4A /* Debug */ = {
			isa = XCBuildConfiguration;
			buildSettings = {
				ASSETCATALOG_COMPILER_APPICON_NAME = AppIcon;
				CLANG_ENABLE_MODULES = YES;
				CODE_SIGN_STYLE = Automatic;
				DEVELOPMENT_TEAM = W526HH7467;
				INFOPLIST_FILE = airQualityOBJC35/Resources/Info.plist;
				LD_RUNPATH_SEARCH_PATHS = (
					"$(inherited)",
					"@executable_path/Frameworks",
				);
				PRODUCT_BUNDLE_IDENTIFIER = iOS35.airQualityOBJC35;
				PRODUCT_NAME = "$(TARGET_NAME)";
				SWIFT_OBJC_BRIDGING_HEADER = "airQualityOBJC35/Controllers/ViewControllers/airQualityOBJC35-Bridging-Header.h";
				SWIFT_OPTIMIZATION_LEVEL = "-Onone";
				SWIFT_VERSION = 5.0;
				TARGETED_DEVICE_FAMILY = "1,2";
			};
			name = Debug;
		};
		9F87EAFA24E4817900938F4A /* Release */ = {
			isa = XCBuildConfiguration;
			buildSettings = {
				ASSETCATALOG_COMPILER_APPICON_NAME = AppIcon;
				CLANG_ENABLE_MODULES = YES;
				CODE_SIGN_STYLE = Automatic;
				DEVELOPMENT_TEAM = W526HH7467;
				INFOPLIST_FILE = airQualityOBJC35/Resources/Info.plist;
				LD_RUNPATH_SEARCH_PATHS = (
					"$(inherited)",
					"@executable_path/Frameworks",
				);
				PRODUCT_BUNDLE_IDENTIFIER = iOS35.airQualityOBJC35;
				PRODUCT_NAME = "$(TARGET_NAME)";
				SWIFT_OBJC_BRIDGING_HEADER = "airQualityOBJC35/Controllers/ViewControllers/airQualityOBJC35-Bridging-Header.h";
				SWIFT_VERSION = 5.0;
				TARGETED_DEVICE_FAMILY = "1,2";
			};
			name = Release;
		};
/* End XCBuildConfiguration section */

/* Begin XCConfigurationList section */
		9F87EADA24E4817900938F4A /* Build configuration list for PBXProject "airQualityOBJC35" */ = {
			isa = XCConfigurationList;
			buildConfigurations = (
				9F87EAF624E4817900938F4A /* Debug */,
				9F87EAF724E4817900938F4A /* Release */,
			);
			defaultConfigurationIsVisible = 0;
			defaultConfigurationName = Release;
		};
		9F87EAF824E4817900938F4A /* Build configuration list for PBXNativeTarget "airQualityOBJC35" */ = {
			isa = XCConfigurationList;
			buildConfigurations = (
				9F87EAF924E4817900938F4A /* Debug */,
				9F87EAFA24E4817900938F4A /* Release */,
			);
			defaultConfigurationIsVisible = 0;
			defaultConfigurationName = Release;
		};
/* End XCConfigurationList section */
	};
	rootObject = 9F87EAD724E4817900938F4A /* Project object */;
}
